Microsoft Visual Studio Solution File, Format Version 12.00
# Visual Studio 2012
Project("{8BC9CEB8-8B4A-11D0-8D11-00A0C91BC942}") = "ConsoleHook", "src\ConsoleHook\ConsoleHook.vcxproj", "{69234D74-7133-48FF-8DDB-9901FFC4D7FF}"
EndProject
Project("{8BC9CEB8-8B4A-11D0-8D11-00A0C91BC942}") = "Console", "src\Console\Console.vcxproj", "{6EA5C354-A242-49F3-88D1-559EACA7FB8A}"
	ProjectSection(ProjectDependencies) = postProject
		{69234D74-7133-48FF-8DDB-9901FFC4D7FF} = {69234D74-7133-48FF-8DDB-9901FFC4D7FF}
	EndProjectSection
EndProject
Global
	GlobalSection(SolutionConfigurationPlatforms) = preSolution
		Debug|Win32 = Debug|Win32
		Debug|x64 = Debug|x64
	EndGlobalSection
	GlobalSection(ProjectConfigurationPlatforms) = postSolution
		{69234D74-7133-48FF-8DDB-9901FFC4D7FF}.Debug|Win32.ActiveCfg = Debug|Win32
		{69234D74-7133-48FF-8DDB-9901FFC4D7FF}.Debug|Win32.Build.0 = Debug|Win32
		{69234D74-7133-48FF-8DDB-9901FFC4D7FF}.Debug|x64.ActiveCfg = Debug|x64
		{69234D74-7133-48FF-8DDB-9901FFC4D7FF}.Debug|x64.Build.0 = Debug|x64
		{6EA5C354-A242-49F3-88D1-559EACA7FB8A}.Debug|Win32.ActiveCfg = Debug|Win32
		{6EA5C354-A242-49F3-88D1-559EACA7FB8A}.Debug|Win32.Build.0 = Debug|Win32
		{6EA5C354-A242-49F3-88D1-559EACA7FB8A}.Debug|x64.ActiveCfg = Debug|x64
		{6EA5C354-A242-49F3-88D1-559EACA7FB8A}.Debug|x64.Build.0 = Debug|x64
	EndGlobalSection
	GlobalSection(SolutionProperties) = preSolution
		HideSolutionNode = FALSE
	EndGlobalSection
EndGlobal
